
Microsoft Visual Studio Solution File, Format Version 12.00
# Visual Studio Version 16
VisualStudioVersion = 16.0.30011.22
MinimumVisualStudioVersion = 10.0.40219.1
Project("{FAE04EC0-301F-11D3-BF4B-00C04F79EFBC}") = "Lesson 1 Project Setup", "Lesson 1 Project Setup\Lesson 1 Project Setup.csproj", "{123B0AA3-2D50-44A4-8EF9-73EE163C42CD}"
EndProject
Global
	GlobalSection(SolutionConfigurationPlatforms) = preSolution
		Debug|Any CPU = Debug|Any CPU
		Release|Any CPU = Release|Any CPU
	EndGlobalSection
	GlobalSection(ProjectConfigurationPlatforms) = postSolution
		{123B0AA3-2D50-44A4-8EF9-73EE163C42CD}.Debug|Any CPU.ActiveCfg = Debug|Any CPU
		{123B0AA3-2D50-44A4-8EF9-73EE163C42CD}.Debug|Any CPU.Build.0 = Debug|Any CPU
		{123B0AA3-2D50-44A4-8EF9-73EE163C42CD}.Release|Any CPU.ActiveCfg = Release|Any CPU
		{123B0AA3-2D50-44A4-8EF9-73EE163C42CD}.Release|Any CPU.Build.0 = Release|Any CPU
	EndGlobalSection
	GlobalSection(SolutionProperties) = preSolution
		HideSolutionNode = FALSE
	EndGlobalSection
	GlobalSection(ExtensibilityGlobals) = postSolution
		SolutionGuid = {0B8FB973-BCB3-4D93-9863-52D6F3B2BB23}
	EndGlobalSection
EndGlobal
